
Microsoft Visual Studio Solution File, Format Version 12.00
# Visual Studio Version 16
VisualStudioVersion = 16.0.30114.105
MinimumVisualStudioVersion = 10.0.40219.1
Project("{8BC9CEB8-8B4A-11D0-8D11-00A0C91BC942}") = "NekoPresence", "NekoPresence\NekoPresence.vcxproj", "{19BA10F6-AFC4-4C16-86B0-5CA571D9C1DD}"
EndProject
Global
	GlobalSection(SolutionConfigurationPlatforms) = preSolution
		Release|x86 = Release|x86
	EndGlobalSection
	GlobalSection(ProjectConfigurationPlatforms) = postSolution
		{19BA10F6-AFC4-4C16-86B0-5CA571D9C1DD}.Release|x86.ActiveCfg = Release|Win32
		{19BA10F6-AFC4-4C16-86B0-5CA571D9C1DD}.Release|x86.Build.0 = Release|Win32
	EndGlobalSection
	GlobalSection(SolutionProperties) = preSolution
		HideSolutionNode = FALSE
	EndGlobalSection
	GlobalSection(ExtensibilityGlobals) = postSolution
		SolutionGuid = {91063CB4-5C03-40F6-B044-2107072DE1BC}
	EndGlobalSection
EndGlobal
